
Microsoft Visual Studio Solution File, Format Version 12.00
# Visual Studio Version 17
VisualStudioVersion = 17.1.32319.34
MinimumVisualStudioVersion = 10.0.40219.1
Project("{FAE04EC0-301F-11D3-BF4B-00C04F79EFBC}") = "Clase_4", "Clase_4\Clase_4.csproj", "{85150F24-50E0-45AE-A71A-616A563AE6DB}"
EndProject
Global
	GlobalSection(SolutionConfigurationPlatforms) = preSolution
		Debug|Any CPU = Debug|Any CPU
		Release|Any CPU = Release|Any CPU
	EndGlobalSection
	GlobalSection(ProjectConfigurationPlatforms) = postSolution
		{85150F24-50E0-45AE-A71A-616A563AE6DB}.Debug|Any CPU.ActiveCfg = Debug|Any CPU
		{85150F24-50E0-45AE-A71A-616A563AE6DB}.Debug|Any CPU.Build.0 = Debug|Any CPU
		{85150F24-50E0-45AE-A71A-616A563AE6DB}.Release|Any CPU.ActiveCfg = Release|Any CPU
		{85150F24-50E0-45AE-A71A-616A563AE6DB}.Release|Any CPU.Build.0 = Release|Any CPU
	EndGlobalSection
	GlobalSection(SolutionProperties) = preSolution
		HideSolutionNode = FALSE
	EndGlobalSection
	GlobalSection(ExtensibilityGlobals) = postSolution
		SolutionGuid = {1F41E40C-4E75-4573-96F2-1DC742886EFF}
	EndGlobalSection
EndGlobal
