
Microsoft Visual Studio Solution File, Format Version 12.00
# Visual Studio Version 17
VisualStudioVersion = 17.1.32319.34
MinimumVisualStudioVersion = 10.0.40219.1
Project("{FAE04EC0-301F-11D3-BF4B-00C04F79EFBC}") = "Clase_5", "Clase_5\Clase_5.csproj", "{38FDD063-94D1-46E2-BA88-0F1E456B1D05}"
EndProject
Global
	GlobalSection(SolutionConfigurationPlatforms) = preSolution
		Debug|Any CPU = Debug|Any CPU
		Release|Any CPU = Release|Any CPU
	EndGlobalSection
	GlobalSection(ProjectConfigurationPlatforms) = postSolution
		{38FDD063-94D1-46E2-BA88-0F1E456B1D05}.Debug|Any CPU.ActiveCfg = Debug|Any CPU
		{38FDD063-94D1-46E2-BA88-0F1E456B1D05}.Debug|Any CPU.Build.0 = Debug|Any CPU
		{38FDD063-94D1-46E2-BA88-0F1E456B1D05}.Release|Any CPU.ActiveCfg = Release|Any CPU
		{38FDD063-94D1-46E2-BA88-0F1E456B1D05}.Release|Any CPU.Build.0 = Release|Any CPU
	EndGlobalSection
	GlobalSection(SolutionProperties) = preSolution
		HideSolutionNode = FALSE
	EndGlobalSection
	GlobalSection(ExtensibilityGlobals) = postSolution
		SolutionGuid = {DCEE3777-B02F-45B6-B5D2-F3CEB6E4877D}
	EndGlobalSection
EndGlobal
